
Microsoft Visual Studio Solution File, Format Version 12.00
# Visual Studio 14
VisualStudioVersion = 14.0.25420.1
MinimumVisualStudioVersion = 10.0.40219.1
Project("{FAE04EC0-301F-11D3-BF4B-00C04F79EFBC}") = "HousePriceCalculator", "HousePriceCalculator\HousePriceCalculator.csproj", "{9B78E504-C351-44C6-A945-506D27F66DD7}"
EndProject
Project("{FAE04EC0-301F-11D3-BF4B-00C04F79EFBC}") = "CSharp_Assessment_Louise", "CSharp_Assessment_Louise\CSharp_Assessment_Louise.csproj", "{FCA458B8-FF6A-4219-904F-ADECCAB0E902}"
EndProject
Project("{FAE04EC0-301F-11D3-BF4B-00C04F79EFBC}") = "PartyInv-MVC", "PartyInv-MVC\PartyInv-MVC.csproj", "{B9F55C94-0FCC-40A5-8CDC-1FC785155CA7}"
EndProject
Global
	GlobalSection(SolutionConfigurationPlatforms) = preSolution
		Debug|Any CPU = Debug|Any CPU
		Release|Any CPU = Release|Any CPU
	EndGlobalSection
	GlobalSection(ProjectConfigurationPlatforms) = postSolution
		{9B78E504-C351-44C6-A945-506D27F66DD7}.Debug|Any CPU.ActiveCfg = Debug|Any CPU
		{9B78E504-C351-44C6-A945-506D27F66DD7}.Debug|Any CPU.Build.0 = Debug|Any CPU
		{9B78E504-C351-44C6-A945-506D27F66DD7}.Release|Any CPU.ActiveCfg = Release|Any CPU
		{9B78E504-C351-44C6-A945-506D27F66DD7}.Release|Any CPU.Build.0 = Release|Any CPU
		{FCA458B8-FF6A-4219-904F-ADECCAB0E902}.Debug|Any CPU.ActiveCfg = Debug|Any CPU
		{FCA458B8-FF6A-4219-904F-ADECCAB0E902}.Debug|Any CPU.Build.0 = Debug|Any CPU
		{FCA458B8-FF6A-4219-904F-ADECCAB0E902}.Release|Any CPU.ActiveCfg = Release|Any CPU
		{FCA458B8-FF6A-4219-904F-ADECCAB0E902}.Release|Any CPU.Build.0 = Release|Any CPU
		{B9F55C94-0FCC-40A5-8CDC-1FC785155CA7}.Debug|Any CPU.ActiveCfg = Debug|Any CPU
		{B9F55C94-0FCC-40A5-8CDC-1FC785155CA7}.Debug|Any CPU.Build.0 = Debug|Any CPU
		{B9F55C94-0FCC-40A5-8CDC-1FC785155CA7}.Release|Any CPU.ActiveCfg = Release|Any CPU
		{B9F55C94-0FCC-40A5-8CDC-1FC785155CA7}.Release|Any CPU.Build.0 = Release|Any CPU
	EndGlobalSection
	GlobalSection(SolutionProperties) = preSolution
		HideSolutionNode = FALSE
	EndGlobalSection
EndGlobal
