
Microsoft Visual Studio Solution File, Format Version 12.00
# Visual Studio 14
VisualStudioVersion = 14.0.25420.1
MinimumVisualStudioVersion = 10.0.40219.1
Project("{FAE04EC0-301F-11D3-BF4B-00C04F79EFBC}") = "ChattingApps", "ChattingApps\ChattingApps.csproj", "{92BCEFDB-E8A8-47A0-BBF9-CB6E7B6422CD}"
EndProject
Project("{FAE04EC0-301F-11D3-BF4B-00C04F79EFBC}") = "ChattingServer", "ChattingServer\ChattingServer.csproj", "{5040B04E-096A-4816-8410-397377286E1F}"
EndProject
Project("{FAE04EC0-301F-11D3-BF4B-00C04F79EFBC}") = "ChattingInterfaces", "ChattingInterfaces\ChattingInterfaces.csproj", "{95FCE97A-04DF-4E09-9E66-5EA37DC2E672}"
EndProject
Global
	GlobalSection(SolutionConfigurationPlatforms) = preSolution
		Debug|Any CPU = Debug|Any CPU
		Release|Any CPU = Release|Any CPU
	EndGlobalSection
	GlobalSection(ProjectConfigurationPlatforms) = postSolution
		{92BCEFDB-E8A8-47A0-BBF9-CB6E7B6422CD}.Debug|Any CPU.ActiveCfg = Debug|Any CPU
		{92BCEFDB-E8A8-47A0-BBF9-CB6E7B6422CD}.Debug|Any CPU.Build.0 = Debug|Any CPU
		{92BCEFDB-E8A8-47A0-BBF9-CB6E7B6422CD}.Release|Any CPU.ActiveCfg = Release|Any CPU
		{92BCEFDB-E8A8-47A0-BBF9-CB6E7B6422CD}.Release|Any CPU.Build.0 = Release|Any CPU
		{5040B04E-096A-4816-8410-397377286E1F}.Debug|Any CPU.ActiveCfg = Debug|Any CPU
		{5040B04E-096A-4816-8410-397377286E1F}.Debug|Any CPU.Build.0 = Debug|Any CPU
		{5040B04E-096A-4816-8410-397377286E1F}.Release|Any CPU.ActiveCfg = Release|Any CPU
		{5040B04E-096A-4816-8410-397377286E1F}.Release|Any CPU.Build.0 = Release|Any CPU
		{95FCE97A-04DF-4E09-9E66-5EA37DC2E672}.Debug|Any CPU.ActiveCfg = Debug|Any CPU
		{95FCE97A-04DF-4E09-9E66-5EA37DC2E672}.Debug|Any CPU.Build.0 = Debug|Any CPU
		{95FCE97A-04DF-4E09-9E66-5EA37DC2E672}.Release|Any CPU.ActiveCfg = Release|Any CPU
		{95FCE97A-04DF-4E09-9E66-5EA37DC2E672}.Release|Any CPU.Build.0 = Release|Any CPU
	EndGlobalSection
	GlobalSection(SolutionProperties) = preSolution
		HideSolutionNode = FALSE
	EndGlobalSection
EndGlobal
